
Microsoft Visual Studio Solution File, Format Version 12.00
# Visual Studio Version 16
VisualStudioVersion = 16.0.30002.166
MinimumVisualStudioVersion = 10.0.40219.1
Project("{FAE04EC0-301F-11D3-BF4B-00C04F79EFBC}") = "SpotShakerAPI", "SpotShakerAPI\SpotShakerAPI.csproj", "{AAE24E17-870E-48B5-BA6D-5636136F538D}"
EndProject
Global
	GlobalSection(SolutionConfigurationPlatforms) = preSolution
		Debug|Any CPU = Debug|Any CPU
		Release|Any CPU = Release|Any CPU
	EndGlobalSection
	GlobalSection(ProjectConfigurationPlatforms) = postSolution
		{AAE24E17-870E-48B5-BA6D-5636136F538D}.Debug|Any CPU.ActiveCfg = Debug|Any CPU
		{AAE24E17-870E-48B5-BA6D-5636136F538D}.Debug|Any CPU.Build.0 = Debug|Any CPU
		{AAE24E17-870E-48B5-BA6D-5636136F538D}.Release|Any CPU.ActiveCfg = Release|Any CPU
		{AAE24E17-870E-48B5-BA6D-5636136F538D}.Release|Any CPU.Build.0 = Release|Any CPU
	EndGlobalSection
	GlobalSection(SolutionProperties) = preSolution
		HideSolutionNode = FALSE
	EndGlobalSection
	GlobalSection(ExtensibilityGlobals) = postSolution
		SolutionGuid = {6A45F216-D07A-447B-90E1-FD5B4053F413}
	EndGlobalSection
EndGlobal
